{
	"name": "untappd-data-parser",
	"version": "1.0.0",
	"lockfileVersion": 3,
	"requires": true,
	"packages": {
		"": {
			"name": "untappd-data-parser",
			"version": "1.0.0",
			"license": "ISC",
			"devDependencies": {
				"oxfmt": "^0.17.0",
				"oxlint": "^1.32.0"
			}
		},
		"node_modules/@oxfmt/darwin-arm64": {
			"version": "0.17.0",
			"resolved": "https://registry.npmjs.org/@oxfmt/darwin-arm64/-/darwin-arm64-0.17.0.tgz",
			"integrity": "sha512-OMv0tOb+xiwSZKjYbM6TwMSP5QwFJlBGQmEsk98QJ30sHhdyC//0UvGKuR0KZuzZW4E0+k0rHDmos1Z5DmBEkA==",
			"cpu": [
				"arm64"
			],
			"dev": true,
			"license": "MIT",
			"optional": true,
			"os": [
				"darwin"
			]
		},
		"node_modules/@oxfmt/darwin-x64": {
			"version": "0.17.0",
			"resolved": "https://registry.npmjs.org/@oxfmt/darwin-x64/-/darwin-x64-0.17.0.tgz",
			"integrity": "sha512-trzidyzryKIdL/cLCYU9IwprgJegVBUrz1rqzOMe5is+qdgH/RxTCvhYUNFzxRHpil3g4QUYd2Ja831tc5Nehg==",
			"cpu": [
				"x64"
			],
			"dev": true,
			"license": "MIT",
			"optional": true,
			"os": [
				"darwin"
			]
		},
		"node_modules/@oxfmt/linux-arm64-gnu": {
			"version": "0.17.0",
			"resolved": "https://registry.npmjs.org/@oxfmt/linux-arm64-gnu/-/linux-arm64-gnu-0.17.0.tgz",
			"integrity": "sha512-KlwzidgvHznbUaaglZT1goTS30osTV553pfbKve9B1PyTDkluNDfm/polOaf3SVLN7wL/NNLFZRMupvJ1eJXAw==",
			"cpu": [
				"arm64"
			],
			"dev": true,
			"license": "MIT",
			"optional": true,
			"os": [
				"linux"
			]
		},
		"node_modules/@oxfmt/linux-arm64-musl": {
			"version": "0.17.0",
			"resolved": "https://registry.npmjs.org/@oxfmt/linux-arm64-musl/-/linux-arm64-musl-0.17.0.tgz",
			"integrity": "sha512-+tbYJTocF4BNLaQQbc/xrBWTNgiU6zmYeF4NvRDxuuQjDOnmUZPn0EED3PZBRJyg4/YllhplHDo8x+gfcb9G3A==",
			"cpu": [
				"arm64"
			],
			"dev": true,
			"license": "MIT",
			"optional": true,
			"os": [
				"linux"
			]
		},
		"node_modules/@oxfmt/linux-x64-gnu": {
			"version": "0.17.0",
			"resolved": "https://registry.npmjs.org/@oxfmt/linux-x64-gnu/-/linux-x64-gnu-0.17.0.tgz",
			"integrity": "sha512-pEmv7zJIw2HpnA4Tn1xrfJNGi2wOH2+usT14Pkvf/c5DdB+pOir6k/5jzfe70+V3nEtmtV9Lm+spndN/y6+X7A==",
			"cpu": [
				"x64"
			],
			"dev": true,
			"license": "MIT",
			"optional": true,
			"os": [
				"linux"
			]
		},
		"node_modules/@oxfmt/linux-x64-musl": {
			"version": "0.17.0",
			"resolved": "https://registry.npmjs.org/@oxfmt/linux-x64-musl/-/linux-x64-musl-0.17.0.tgz",
			"integrity": "sha512-+DrFSCZWyFdtEAWR5xIBTV8GX0RA9iB+y7ZlJPRAXrNG8TdBY9vc7/MIGolIgrkMPK4mGMn07YG/qEyPY+iKaw==",
			"cpu": [
				"x64"
			],
			"dev": true,
			"license": "MIT",
			"optional": true,
			"os": [
				"linux"
			]
		},
		"node_modules/@oxfmt/win32-arm64": {
			"version": "0.17.0",
			"resolved": "https://registry.npmjs.org/@oxfmt/win32-arm64/-/win32-arm64-0.17.0.tgz",
			"integrity": "sha512-FoUZRR7mVpTYIaY/qz2BYwzqMnL+HsUxmMWAIy6nl29UEkDgxNygULJ4rIGY4/Axne41fhtldLrSGBOpwNm3jA==",
			"cpu": [
				"arm64"
			],
			"dev": true,
			"license": "MIT",
			"optional": true,
			"os": [
				"win32"
			]
		},
		"node_modules/@oxfmt/win32-x64": {
			"version": "0.17.0",
			"resolved": "https://registry.npmjs.org/@oxfmt/win32-x64/-/win32-x64-0.17.0.tgz",
			"integrity": "sha512-fBIcUpHmCwf3leWlo0cYwLb9Pd2mzxQlZYJX9dD9nylPvsxOnsy9fmsaflpj34O0JbQJN3Y0SRkoaCcHHlxFww==",
			"cpu": [
				"x64"
			],
			"dev": true,
			"license": "MIT",
			"optional": true,
			"os": [
				"win32"
			]
		},
		"node_modules/@oxlint/darwin-arm64": {
			"version": "1.32.0",
			"resolved": "https://registry.npmjs.org/@oxlint/darwin-arm64/-/darwin-arm64-1.32.0.tgz",
			"integrity": "sha512-yrqPmZYu5Qb+49h0P5EXVIq8VxYkDDM6ZQrWzlh16+UGFcD8HOXs4oF3g9RyfaoAbShLCXooSQsM/Ifwx8E/eQ==",
			"cpu": [
				"arm64"
			],
			"dev": true,
			"license": "MIT",
			"optional": true,
			"os": [
				"darwin"
			]
		},
		"node_modules/@oxlint/darwin-x64": {
			"version": "1.32.0",
			"resolved": "https://registry.npmjs.org/@oxlint/darwin-x64/-/darwin-x64-1.32.0.tgz",
			"integrity": "sha512-pQRZrJG/2nAKc3IuocFbaFFbTDlQsjz2WfivRsMn0hw65EEsSuM84WMFMiAfLpTGyTICeUtHZLHlrM5lzVr36A==",
			"cpu": [
				"x64"
			],
			"dev": true,
			"license": "MIT",
			"optional": true,
			"os": [
				"darwin"
			]
		},
		"node_modules/@oxlint/linux-arm64-gnu": {
			"version": "1.32.0",
			"resolved": "https://registry.npmjs.org/@oxlint/linux-arm64-gnu/-/linux-arm64-gnu-1.32.0.tgz",
			"integrity": "sha512-tyomSmU2DzwcTmbaWFmStHgVfRmJDDvqcIvcw4fRB1YlL2Qg/XaM4NJ0m2bdTap38gxD5FSxSgCo0DkQ8GTolg==",
			"cpu": [
				"arm64"
			],
			"dev": true,
			"license": "MIT",
			"optional": true,
			"os": [
				"linux"
			]
		},
		"node_modules/@oxlint/linux-arm64-musl": {
			"version": "1.32.0",
			"resolved": "https://registry.npmjs.org/@oxlint/linux-arm64-musl/-/linux-arm64-musl-1.32.0.tgz",
			"integrity": "sha512-0W46dRMaf71OGE4+Rd+GHfS1uF/UODl5Mef6871pMhN7opPGfTI2fKJxh9VzRhXeSYXW/Z1EuCq9yCfmIJq+5Q==",
			"cpu": [
				"arm64"
			],
			"dev": true,
			"license": "MIT",
			"optional": true,
			"os": [
				"linux"
			]
		},
		"node_modules/@oxlint/linux-x64-gnu": {
			"version": "1.32.0",
			"resolved": "https://registry.npmjs.org/@oxlint/linux-x64-gnu/-/linux-x64-gnu-1.32.0.tgz",
			"integrity": "sha512-5+6myVCBOMvM62rDB9T3CARXUvIwhGqte6E+HoKRwYaqsxGUZ4bh3pItSgSFwHjLGPrvADS11qJUkk39eQQBzQ==",
			"cpu": [
				"x64"
			],
			"dev": true,
			"license": "MIT",
			"optional": true,
			"os": [
				"linux"
			]
		},
		"node_modules/@oxlint/linux-x64-musl": {
			"version": "1.32.0",
			"resolved": "https://registry.npmjs.org/@oxlint/linux-x64-musl/-/linux-x64-musl-1.32.0.tgz",
			"integrity": "sha512-qwQlwYYgVIC6ScjpUwiKKNyVdUlJckrfwPVpIjC9mvglIQeIjKuuyaDxUZWIOc/rEzeCV/tW6tcbehLkfEzqsw==",
			"cpu": [
				"x64"
			],
			"dev": true,
			"license": "MIT",
			"optional": true,
			"os": [
				"linux"
			]
		},
		"node_modules/@oxlint/win32-arm64": {
			"version": "1.32.0",
			"resolved": "https://registry.npmjs.org/@oxlint/win32-arm64/-/win32-arm64-1.32.0.tgz",
			"integrity": "sha512-7qYZF9CiXGtdv8Z/fBkgB5idD2Zokht67I5DKWH0fZS/2R232sDqW2JpWVkXltk0+9yFvmvJ0ouJgQRl9M3S2g==",
			"cpu": [
				"arm64"
			],
			"dev": true,
			"license": "MIT",
			"optional": true,
			"os": [
				"win32"
			]
		},
		"node_modules/@oxlint/win32-x64": {
			"version": "1.32.0",
			"resolved": "https://registry.npmjs.org/@oxlint/win32-x64/-/win32-x64-1.32.0.tgz",
			"integrity": "sha512-XW1xqCj34MEGJlHteqasTZ/LmBrwYIgluhNW0aP+XWkn90+stKAq3W/40dvJKbMK9F7o09LPCuMVtUW7FIUuiA==",
			"cpu": [
				"x64"
			],
			"dev": true,
			"license": "MIT",
			"optional": true,
			"os": [
				"win32"
			]
		},
		"node_modules/oxfmt": {
			"version": "0.17.0",
			"resolved": "https://registry.npmjs.org/oxfmt/-/oxfmt-0.17.0.tgz",
			"integrity": "sha512-12Rmq2ub61rUZ3Pqnsvmo99rRQ6hQJwQsjnFnbvXYLMrlIsWT6SFVsrjAkBBrkXXSHv8ePIpKQ0nZph5KDrOqw==",
			"dev": true,
			"license": "MIT",
			"bin": {
				"oxfmt": "bin/oxfmt"
			},
			"engines": {
				"node": "^20.19.0 || >=22.12.0"
			},
			"funding": {
				"url": "https://github.com/sponsors/Boshen"
			},
			"optionalDependencies": {
				"@oxfmt/darwin-arm64": "0.17.0",
				"@oxfmt/darwin-x64": "0.17.0",
				"@oxfmt/linux-arm64-gnu": "0.17.0",
				"@oxfmt/linux-arm64-musl": "0.17.0",
				"@oxfmt/linux-x64-gnu": "0.17.0",
				"@oxfmt/linux-x64-musl": "0.17.0",
				"@oxfmt/win32-arm64": "0.17.0",
				"@oxfmt/win32-x64": "0.17.0"
			}
		},
		"node_modules/oxlint": {
			"version": "1.32.0",
			"resolved": "https://registry.npmjs.org/oxlint/-/oxlint-1.32.0.tgz",
			"integrity": "sha512-HYDQCga7flsdyLMUIxTgSnEx5KBxpP9VINB8NgO+UjV80xBiTQXyVsvjtneMT3ZBLMbL0SlG/Dm03XQAsEshMA==",
			"dev": true,
			"license": "MIT",
			"bin": {
				"oxc_language_server": "bin/oxc_language_server",
				"oxlint": "bin/oxlint"
			},
			"engines": {
				"node": "^20.19.0 || >=22.12.0"
			},
			"funding": {
				"url": "https://github.com/sponsors/Boshen"
			},
			"optionalDependencies": {
				"@oxlint/darwin-arm64": "1.32.0",
				"@oxlint/darwin-x64": "1.32.0",
				"@oxlint/linux-arm64-gnu": "1.32.0",
				"@oxlint/linux-arm64-musl": "1.32.0",
				"@oxlint/linux-x64-gnu": "1.32.0",
				"@oxlint/linux-x64-musl": "1.32.0",
				"@oxlint/win32-arm64": "1.32.0",
				"@oxlint/win32-x64": "1.32.0"
			},
			"peerDependencies": {
				"oxlint-tsgolint": ">=0.8.1"
			},
			"peerDependenciesMeta": {
				"oxlint-tsgolint": {
					"optional": true
				}
			}
		}
	}
}
